
Microsoft Visual Studio Solution File, Format Version 12.00
# Visual Studio Version 17
VisualStudioVersion = 17.10.35027.167
MinimumVisualStudioVersion = 10.0.40219.1
Project("{FAE04EC0-301F-11D3-BF4B-00C04F79EFBC}") = "QA_FEAST_DEMO", "QA_FEAST_DEMO.csproj", "{715A788F-63FE-4AC5-B22C-80C0E70A43B6}"
EndProject
Global
	GlobalSection(SolutionConfigurationPlatforms) = preSolution
		Debug|Any CPU = Debug|Any CPU
		Release|Any CPU = Release|Any CPU
	EndGlobalSection
	GlobalSection(ProjectConfigurationPlatforms) = postSolution
		{715A788F-63FE-4AC5-B22C-80C0E70A43B6}.Debug|Any CPU.ActiveCfg = Debug|Any CPU
		{715A788F-63FE-4AC5-B22C-80C0E70A43B6}.Debug|Any CPU.Build.0 = Debug|Any CPU
		{715A788F-63FE-4AC5-B22C-80C0E70A43B6}.Release|Any CPU.ActiveCfg = Release|Any CPU
		{715A788F-63FE-4AC5-B22C-80C0E70A43B6}.Release|Any CPU.Build.0 = Release|Any CPU
	EndGlobalSection
	GlobalSection(SolutionProperties) = preSolution
		HideSolutionNode = FALSE
	EndGlobalSection
	GlobalSection(ExtensibilityGlobals) = postSolution
		SolutionGuid = {884E4C5F-8CD1-4B09-8F39-6D37C830EB0C}
	EndGlobalSection
EndGlobal
